
Microsoft Visual Studio Solution File, Format Version 12.00
# Visual Studio Version 16
VisualStudioVersion = 16.0.29609.76
MinimumVisualStudioVersion = 10.0.40219.1
Project("{FAE04EC0-301F-11D3-BF4B-00C04F79EFBC}") = "AnonMethod_Lambda", "AnonMethod_Lambda\AnonMethod_Lambda.csproj", "{A169D10B-4209-4C51-A1DA-22F78CCD703A}"
EndProject
Global
	GlobalSection(SolutionConfigurationPlatforms) = preSolution
		Debug|Any CPU = Debug|Any CPU
		Release|Any CPU = Release|Any CPU
	EndGlobalSection
	GlobalSection(ProjectConfigurationPlatforms) = postSolution
		{A169D10B-4209-4C51-A1DA-22F78CCD703A}.Debug|Any CPU.ActiveCfg = Debug|Any CPU
		{A169D10B-4209-4C51-A1DA-22F78CCD703A}.Debug|Any CPU.Build.0 = Debug|Any CPU
		{A169D10B-4209-4C51-A1DA-22F78CCD703A}.Release|Any CPU.ActiveCfg = Release|Any CPU
		{A169D10B-4209-4C51-A1DA-22F78CCD703A}.Release|Any CPU.Build.0 = Release|Any CPU
	EndGlobalSection
	GlobalSection(SolutionProperties) = preSolution
		HideSolutionNode = FALSE
	EndGlobalSection
	GlobalSection(ExtensibilityGlobals) = postSolution
		SolutionGuid = {BA1BE657-67E2-41E8-B654-7B1FC3C53600}
	EndGlobalSection
EndGlobal
